<Solution>
  <Folder Name="/API/">
    <Project Path="SIV.Api/SIV.Presentation.csproj" />
  </Folder>
  <Folder Name="/Application/">
    <Project Path="SIV.Application/SIV.Application.csproj" />
  </Folder>
  <Folder Name="/Core/">
    <Project Path="SIV.Domain/SIV.Domain.csproj" />
  </Folder>
  <Folder Name="/Infrastructure/">
    <Project Path="SIV.Infrastructure/SIV.Infrastructure.csproj" />
  </Folder>
  <Folder Name="/Test/">
    <Project Path="SIV.Application.Test/SIV.Application.Test.csproj" Id="0073e88c-8488-432a-8197-09a851d37788" />
    <Project Path="SIV.Persistence.Test/SIV.Persistence.Test.csproj" Id="472457e0-cfbe-4b20-bf76-3e0bc729da5f" />
  </Folder>
</Solution>
